
Microsoft Visual Studio Solution File, Format Version 12.00
# Visual Studio Version 17
VisualStudioVersion = 17.4.33213.308
MinimumVisualStudioVersion = 10.0.40219.1
Project("{9A19103F-16F7-4668-BE54-9A1E7A4F7556}") = "NorthwindProject.FormUI", "NorthwindProject.FormUI\NorthwindProject.FormUI.csproj", "{C3055655-0C5B-4B7C-9ACD-5ADBAF9D356A}"
EndProject
Project("{9A19103F-16F7-4668-BE54-9A1E7A4F7556}") = "Northwind.ORM", "NorthWind.ORM\Northwind.ORM.csproj", "{3AF5635E-42D7-4AC7-8135-468427829A8F}"
EndProject
Project("{9A19103F-16F7-4668-BE54-9A1E7A4F7556}") = "Northwind.Repository", "Northwind.Repository\Northwind.Repository.csproj", "{2C21F013-B587-4B22-9A24-70B41EC94377}"
EndProject
Project("{9A19103F-16F7-4668-BE54-9A1E7A4F7556}") = "Northwind.Service", "Northwind.Service\Northwind.Service.csproj", "{073A08E0-E58B-403D-A5E2-38F5F5633F82}"
EndProject
Project("{FAE04EC0-301F-11D3-BF4B-00C04F79EFBC}") = "Northwind.DTO", "Northwind.DTO\Northwind.DTO.csproj", "{F30F87FE-89ED-450B-AA83-FFA236D5381D}"
EndProject
Global
	GlobalSection(SolutionConfigurationPlatforms) = preSolution
		Debug|Any CPU = Debug|Any CPU
		Release|Any CPU = Release|Any CPU
	EndGlobalSection
	GlobalSection(ProjectConfigurationPlatforms) = postSolution
		{C3055655-0C5B-4B7C-9ACD-5ADBAF9D356A}.Debug|Any CPU.ActiveCfg = Debug|Any CPU
		{C3055655-0C5B-4B7C-9ACD-5ADBAF9D356A}.Debug|Any CPU.Build.0 = Debug|Any CPU
		{C3055655-0C5B-4B7C-9ACD-5ADBAF9D356A}.Release|Any CPU.ActiveCfg = Release|Any CPU
		{C3055655-0C5B-4B7C-9ACD-5ADBAF9D356A}.Release|Any CPU.Build.0 = Release|Any CPU
		{3AF5635E-42D7-4AC7-8135-468427829A8F}.Debug|Any CPU.ActiveCfg = Debug|Any CPU
		{3AF5635E-42D7-4AC7-8135-468427829A8F}.Debug|Any CPU.Build.0 = Debug|Any CPU
		{3AF5635E-42D7-4AC7-8135-468427829A8F}.Release|Any CPU.ActiveCfg = Release|Any CPU
		{3AF5635E-42D7-4AC7-8135-468427829A8F}.Release|Any CPU.Build.0 = Release|Any CPU
		{2C21F013-B587-4B22-9A24-70B41EC94377}.Debug|Any CPU.ActiveCfg = Debug|Any CPU
		{2C21F013-B587-4B22-9A24-70B41EC94377}.Debug|Any CPU.Build.0 = Debug|Any CPU
		{2C21F013-B587-4B22-9A24-70B41EC94377}.Release|Any CPU.ActiveCfg = Release|Any CPU
		{2C21F013-B587-4B22-9A24-70B41EC94377}.Release|Any CPU.Build.0 = Release|Any CPU
		{073A08E0-E58B-403D-A5E2-38F5F5633F82}.Debug|Any CPU.ActiveCfg = Debug|Any CPU
		{073A08E0-E58B-403D-A5E2-38F5F5633F82}.Debug|Any CPU.Build.0 = Debug|Any CPU
		{073A08E0-E58B-403D-A5E2-38F5F5633F82}.Release|Any CPU.ActiveCfg = Release|Any CPU
		{073A08E0-E58B-403D-A5E2-38F5F5633F82}.Release|Any CPU.Build.0 = Release|Any CPU
		{F30F87FE-89ED-450B-AA83-FFA236D5381D}.Debug|Any CPU.ActiveCfg = Debug|Any CPU
		{F30F87FE-89ED-450B-AA83-FFA236D5381D}.Debug|Any CPU.Build.0 = Debug|Any CPU
		{F30F87FE-89ED-450B-AA83-FFA236D5381D}.Release|Any CPU.ActiveCfg = Release|Any CPU
		{F30F87FE-89ED-450B-AA83-FFA236D5381D}.Release|Any CPU.Build.0 = Release|Any CPU
	EndGlobalSection
	GlobalSection(SolutionProperties) = preSolution
		HideSolutionNode = FALSE
	EndGlobalSection
	GlobalSection(ExtensibilityGlobals) = postSolution
		SolutionGuid = {92025684-064C-4060-9153-9410ED1FD980}
	EndGlobalSection
EndGlobal
